
Microsoft Visual Studio Solution File, Format Version 12.00
# Visual Studio 15
VisualStudioVersion = 15.0.27428.2015
MinimumVisualStudioVersion = 10.0.40219.1
Project("{FAE04EC0-301F-11D3-BF4B-00C04F79EFBC}") = "College_Registration", "College_Registration\College_Registration.csproj", "{B7C8A221-D915-4D9A-83A6-4B4B748C95A8}"
EndProject
Project("{FAE04EC0-301F-11D3-BF4B-00C04F79EFBC}") = "College_Registration.Business.Logic", "College_Registration.Business.Logic\College_Registration.Business.Logic.csproj", "{FEA960F1-CFEA-4203-A3F4-74C995BD2A84}"
EndProject
Global
	GlobalSection(SolutionConfigurationPlatforms) = preSolution
		Debug|Any CPU = Debug|Any CPU
		Release|Any CPU = Release|Any CPU
	EndGlobalSection
	GlobalSection(ProjectConfigurationPlatforms) = postSolution
		{B7C8A221-D915-4D9A-83A6-4B4B748C95A8}.Debug|Any CPU.ActiveCfg = Debug|Any CPU
		{B7C8A221-D915-4D9A-83A6-4B4B748C95A8}.Debug|Any CPU.Build.0 = Debug|Any CPU
		{B7C8A221-D915-4D9A-83A6-4B4B748C95A8}.Release|Any CPU.ActiveCfg = Release|Any CPU
		{B7C8A221-D915-4D9A-83A6-4B4B748C95A8}.Release|Any CPU.Build.0 = Release|Any CPU
		{FEA960F1-CFEA-4203-A3F4-74C995BD2A84}.Debug|Any CPU.ActiveCfg = Debug|Any CPU
		{FEA960F1-CFEA-4203-A3F4-74C995BD2A84}.Debug|Any CPU.Build.0 = Debug|Any CPU
		{FEA960F1-CFEA-4203-A3F4-74C995BD2A84}.Release|Any CPU.ActiveCfg = Release|Any CPU
		{FEA960F1-CFEA-4203-A3F4-74C995BD2A84}.Release|Any CPU.Build.0 = Release|Any CPU
	EndGlobalSection
	GlobalSection(SolutionProperties) = preSolution
		HideSolutionNode = FALSE
	EndGlobalSection
	GlobalSection(ExtensibilityGlobals) = postSolution
		SolutionGuid = {FF769105-2496-4664-B8B0-8B944DF24D39}
	EndGlobalSection
EndGlobal
